# Code generated by scarb DO NOT EDIT.
version = 1

[[package]]
name = "alexandria_data_structures"
version = "0.2.0"
source = "git+https://github.com/keep-starknet-strange/alexandria.git?rev=cairo-v2.5.4#e7b69575f92076e96a83a76efa6bed3c32a15f9f"
dependencies = [
 "alexandria_encoding",
]

[[package]]
name = "alexandria_encoding"
version = "0.1.0"
source = "git+https://github.com/keep-starknet-strange/alexandria.git?rev=cairo-v2.5.4#e7b69575f92076e96a83a76efa6bed3c32a15f9f"
dependencies = [
 "alexandria_math",
 "alexandria_numeric",
]

[[package]]
name = "alexandria_math"
version = "0.2.0"
source = "git+https://github.com/keep-starknet-strange/alexandria.git?rev=cairo-v2.5.4#e7b69575f92076e96a83a76efa6bed3c32a15f9f"
dependencies = [
 "alexandria_data_structures",
]

[[package]]
name = "alexandria_numeric"
version = "0.1.0"
source = "git+https://github.com/keep-starknet-strange/alexandria.git?rev=cairo-v2.5.4#e7b69575f92076e96a83a76efa6bed3c32a15f9f"
dependencies = [
 "alexandria_math",
]

[[package]]
name = "bankai_contract"
version = "0.1.0"
dependencies = [
 "alexandria_math",
 "erc4626",
 "openzeppelin",
 "snforge_std",
]

[[package]]
name = "erc4626"
version = "0.1.0"
source = "git+https://github.com/0x-minato/ERC4626.git#b49ee9081cb63c80627832ba3b6dbacf47ddbc7e"
dependencies = [
 "openzeppelin",
 "snforge_std",
]

[[package]]
name = "openzeppelin"
version = "0.13.0"
source = "git+https://github.com/OpenZeppelin/cairo-contracts.git?rev=v0.13.0#978b4e75209da355667d8954d2450e32bd71fe49"

[[package]]
name = "snforge_std"
version = "0.20.1"
source = "git+https://github.com/foundry-rs/starknet-foundry?tag=v0.20.1#fea2db8f2b20148cc15ee34b08de12028eb42942"
